
Microsoft Visual Studio Solution File, Format Version 12.00
# Visual Studio Version 16
VisualStudioVersion = 16.0.30907.101
MinimumVisualStudioVersion = 10.0.40219.1
Project("{FAE04EC0-301F-11D3-BF4B-00C04F79EFBC}") = "WPFlesson1", "WPFlesson1.csproj", "{569573D5-9BD2-4AC4-AF38-2424957DD234}"
EndProject
Global
	GlobalSection(SolutionConfigurationPlatforms) = preSolution
		Debug|Any CPU = Debug|Any CPU
		Release|Any CPU = Release|Any CPU
	EndGlobalSection
	GlobalSection(ProjectConfigurationPlatforms) = postSolution
		{569573D5-9BD2-4AC4-AF38-2424957DD234}.Debug|Any CPU.ActiveCfg = Debug|Any CPU
		{569573D5-9BD2-4AC4-AF38-2424957DD234}.Debug|Any CPU.Build.0 = Debug|Any CPU
		{569573D5-9BD2-4AC4-AF38-2424957DD234}.Release|Any CPU.ActiveCfg = Release|Any CPU
		{569573D5-9BD2-4AC4-AF38-2424957DD234}.Release|Any CPU.Build.0 = Release|Any CPU
	EndGlobalSection
	GlobalSection(SolutionProperties) = preSolution
		HideSolutionNode = FALSE
	EndGlobalSection
	GlobalSection(ExtensibilityGlobals) = postSolution
		SolutionGuid = {541A1723-08F7-43E1-AE1D-F566ED3FFEE1}
	EndGlobalSection
EndGlobal
